
Microsoft Visual Studio Solution File, Format Version 12.00
# Visual Studio 15
VisualStudioVersion = 15.0.27428.2011
MinimumVisualStudioVersion = 10.0.40219.1
Project("{FAE04EC0-301F-11D3-BF4B-00C04F79EFBC}") = "CharByDNA", "CharByDNA\CharByDNA.csproj", "{AA65DB8C-D39E-431A-9A71-455651942402}"
EndProject
Global
	GlobalSection(SolutionConfigurationPlatforms) = preSolution
		Debug|Any CPU = Debug|Any CPU
		Release|Any CPU = Release|Any CPU
	EndGlobalSection
	GlobalSection(ProjectConfigurationPlatforms) = postSolution
		{AA65DB8C-D39E-431A-9A71-455651942402}.Debug|Any CPU.ActiveCfg = Debug|Any CPU
		{AA65DB8C-D39E-431A-9A71-455651942402}.Debug|Any CPU.Build.0 = Debug|Any CPU
		{AA65DB8C-D39E-431A-9A71-455651942402}.Release|Any CPU.ActiveCfg = Release|Any CPU
		{AA65DB8C-D39E-431A-9A71-455651942402}.Release|Any CPU.Build.0 = Release|Any CPU
	EndGlobalSection
	GlobalSection(SolutionProperties) = preSolution
		HideSolutionNode = FALSE
	EndGlobalSection
	GlobalSection(ExtensibilityGlobals) = postSolution
		SolutionGuid = {AAD47AFC-9E5B-4FEA-A590-C17A418F0359}
	EndGlobalSection
EndGlobal
